
Microsoft Visual Studio Solution File, Format Version 12.00
# Visual Studio Version 17
VisualStudioVersion = 17.13.35931.197
MinimumVisualStudioVersion = 10.0.40219.1
Project("{8BC9CEB8-8B4A-11D0-8D11-00A0C91BC942}") = "ProAss01", "ProAss01\ProAss01.vcxproj", "{3E673D6B-990E-4979-808F-F1D3D72AFF5F}"
EndProject
Project("{8BC9CEB8-8B4A-11D0-8D11-00A0C91BC942}") = "ProAss02", "ProAss02\ProAss02.vcxproj", "{17461D9C-20ED-4835-AD0B-4C42FF7722C4}"
EndProject
Project("{8BC9CEB8-8B4A-11D0-8D11-00A0C91BC942}") = "ProAss03", "ProAss03\ProAss03.vcxproj", "{FAE7F8D9-97CC-4104-ABBA-4158F913B134}"
EndProject
Project("{8BC9CEB8-8B4A-11D0-8D11-00A0C91BC942}") = "ProAss04", "ProAss04\ProAss04.vcxproj", "{2A168DA9-2A19-4B50-9E2D-978FE2A10F7E}"
EndProject
Project("{8BC9CEB8-8B4A-11D0-8D11-00A0C91BC942}") = "ProAss06", "ProAss06\ProAss06.vcxproj", "{E60C83F3-57DB-47C5-B88F-EDED77136844}"
EndProject
Project("{8BC9CEB8-8B4A-11D0-8D11-00A0C91BC942}") = "ProAss08", "ProAss08\ProAss08.vcxproj", "{43A1E250-0A82-4FAA-A8B6-2FB7F9A5D75F}"
EndProject
Project("{8BC9CEB8-8B4A-11D0-8D11-00A0C91BC942}") = "ProAss09", "ProAss09\ProAss09.vcxproj", "{FF680023-458B-4CF6-A8AF-385247D0508C}"
EndProject
Project("{8BC9CEB8-8B4A-11D0-8D11-00A0C91BC942}") = "ProAss10", "ProAss10\ProAss10.vcxproj", "{12D6838C-B0B3-4E31-A8BD-DABD055B9814}"
EndProject
Project("{8BC9CEB8-8B4A-11D0-8D11-00A0C91BC942}") = "ProAss12", "ProAss12\ProAss12.vcxproj", "{657B9F9E-3C22-4ECA-95D3-03CCFBBB6975}"
EndProject
Project("{8BC9CEB8-8B4A-11D0-8D11-00A0C91BC942}") = "ProAss13", "ProAss13\ProAss13.vcxproj", "{5E17314B-2FD3-456E-AA24-F7C6FE11BA29}"
EndProject
Project("{8BC9CEB8-8B4A-11D0-8D11-00A0C91BC942}") = "ProAss16", "ProAss16\ProAss16.vcxproj", "{A9851B11-D1F3-496D-B867-96DA72EF81B4}"
EndProject
Project("{8BC9CEB8-8B4A-11D0-8D11-00A0C91BC942}") = "ProAss18", "ProAss18\ProAss18.vcxproj", "{83BAD591-DD60-47F9-92DC-2ACEDDA5E39A}"
EndProject
Global
	GlobalSection(SolutionConfigurationPlatforms) = preSolution
		Debug|x64 = Debug|x64
		Debug|x86 = Debug|x86
		Release|x64 = Release|x64
		Release|x86 = Release|x86
	EndGlobalSection
	GlobalSection(ProjectConfigurationPlatforms) = postSolution
		{3E673D6B-990E-4979-808F-F1D3D72AFF5F}.Debug|x64.ActiveCfg = Debug|x64
		{3E673D6B-990E-4979-808F-F1D3D72AFF5F}.Debug|x64.Build.0 = Debug|x64
		{3E673D6B-990E-4979-808F-F1D3D72AFF5F}.Debug|x86.ActiveCfg = Debug|Win32
		{3E673D6B-990E-4979-808F-F1D3D72AFF5F}.Debug|x86.Build.0 = Debug|Win32
		{3E673D6B-990E-4979-808F-F1D3D72AFF5F}.Release|x64.ActiveCfg = Release|x64
		{3E673D6B-990E-4979-808F-F1D3D72AFF5F}.Release|x64.Build.0 = Release|x64
		{3E673D6B-990E-4979-808F-F1D3D72AFF5F}.Release|x86.ActiveCfg = Release|Win32
		{3E673D6B-990E-4979-808F-F1D3D72AFF5F}.Release|x86.Build.0 = Release|Win32
		{17461D9C-20ED-4835-AD0B-4C42FF7722C4}.Debug|x64.ActiveCfg = Debug|x64
		{17461D9C-20ED-4835-AD0B-4C42FF7722C4}.Debug|x64.Build.0 = Debug|x64
		{17461D9C-20ED-4835-AD0B-4C42FF7722C4}.Debug|x86.ActiveCfg = Debug|Win32
		{17461D9C-20ED-4835-AD0B-4C42FF7722C4}.Debug|x86.Build.0 = Debug|Win32
		{17461D9C-20ED-4835-AD0B-4C42FF7722C4}.Release|x64.ActiveCfg = Release|x64
		{17461D9C-20ED-4835-AD0B-4C42FF7722C4}.Release|x64.Build.0 = Release|x64
		{17461D9C-20ED-4835-AD0B-4C42FF7722C4}.Release|x86.ActiveCfg = Release|Win32
		{17461D9C-20ED-4835-AD0B-4C42FF7722C4}.Release|x86.Build.0 = Release|Win32
		{FAE7F8D9-97CC-4104-ABBA-4158F913B134}.Debug|x64.ActiveCfg = Debug|x64
		{FAE7F8D9-97CC-4104-ABBA-4158F913B134}.Debug|x64.Build.0 = Debug|x64
		{FAE7F8D9-97CC-4104-ABBA-4158F913B134}.Debug|x86.ActiveCfg = Debug|Win32
		{FAE7F8D9-97CC-4104-ABBA-4158F913B134}.Debug|x86.Build.0 = Debug|Win32
		{FAE7F8D9-97CC-4104-ABBA-4158F913B134}.Release|x64.ActiveCfg = Release|x64
		{FAE7F8D9-97CC-4104-ABBA-4158F913B134}.Release|x64.Build.0 = Release|x64
		{FAE7F8D9-97CC-4104-ABBA-4158F913B134}.Release|x86.ActiveCfg = Release|Win32
		{FAE7F8D9-97CC-4104-ABBA-4158F913B134}.Release|x86.Build.0 = Release|Win32
		{2A168DA9-2A19-4B50-9E2D-978FE2A10F7E}.Debug|x64.ActiveCfg = Debug|x64
		{2A168DA9-2A19-4B50-9E2D-978FE2A10F7E}.Debug|x64.Build.0 = Debug|x64
		{2A168DA9-2A19-4B50-9E2D-978FE2A10F7E}.Debug|x86.ActiveCfg = Debug|Win32
		{2A168DA9-2A19-4B50-9E2D-978FE2A10F7E}.Debug|x86.Build.0 = Debug|Win32
		{2A168DA9-2A19-4B50-9E2D-978FE2A10F7E}.Release|x64.ActiveCfg = Release|x64
		{2A168DA9-2A19-4B50-9E2D-978FE2A10F7E}.Release|x64.Build.0 = Release|x64
		{2A168DA9-2A19-4B50-9E2D-978FE2A10F7E}.Release|x86.ActiveCfg = Release|Win32
		{2A168DA9-2A19-4B50-9E2D-978FE2A10F7E}.Release|x86.Build.0 = Release|Win32
		{E60C83F3-57DB-47C5-B88F-EDED77136844}.Debug|x64.ActiveCfg = Debug|x64
		{E60C83F3-57DB-47C5-B88F-EDED77136844}.Debug|x64.Build.0 = Debug|x64
		{E60C83F3-57DB-47C5-B88F-EDED77136844}.Debug|x86.ActiveCfg = Debug|Win32
		{E60C83F3-57DB-47C5-B88F-EDED77136844}.Debug|x86.Build.0 = Debug|Win32
		{E60C83F3-57DB-47C5-B88F-EDED77136844}.Release|x64.ActiveCfg = Release|x64
		{E60C83F3-57DB-47C5-B88F-EDED77136844}.Release|x64.Build.0 = Release|x64
		{E60C83F3-57DB-47C5-B88F-EDED77136844}.Release|x86.ActiveCfg = Release|Win32
		{E60C83F3-57DB-47C5-B88F-EDED77136844}.Release|x86.Build.0 = Release|Win32
		{43A1E250-0A82-4FAA-A8B6-2FB7F9A5D75F}.Debug|x64.ActiveCfg = Debug|x64
		{43A1E250-0A82-4FAA-A8B6-2FB7F9A5D75F}.Debug|x64.Build.0 = Debug|x64
		{43A1E250-0A82-4FAA-A8B6-2FB7F9A5D75F}.Debug|x86.ActiveCfg = Debug|Win32
		{43A1E250-0A82-4FAA-A8B6-2FB7F9A5D75F}.Debug|x86.Build.0 = Debug|Win32
		{43A1E250-0A82-4FAA-A8B6-2FB7F9A5D75F}.Release|x64.ActiveCfg = Release|x64
		{43A1E250-0A82-4FAA-A8B6-2FB7F9A5D75F}.Release|x64.Build.0 = Release|x64
		{43A1E250-0A82-4FAA-A8B6-2FB7F9A5D75F}.Release|x86.ActiveCfg = Release|Win32
		{43A1E250-0A82-4FAA-A8B6-2FB7F9A5D75F}.Release|x86.Build.0 = Release|Win32
		{FF680023-458B-4CF6-A8AF-385247D0508C}.Debug|x64.ActiveCfg = Debug|x64
		{FF680023-458B-4CF6-A8AF-385247D0508C}.Debug|x64.Build.0 = Debug|x64
		{FF680023-458B-4CF6-A8AF-385247D0508C}.Debug|x86.ActiveCfg = Debug|Win32
		{FF680023-458B-4CF6-A8AF-385247D0508C}.Debug|x86.Build.0 = Debug|Win32
		{FF680023-458B-4CF6-A8AF-385247D0508C}.Release|x64.ActiveCfg = Release|x64
		{FF680023-458B-4CF6-A8AF-385247D0508C}.Release|x64.Build.0 = Release|x64
		{FF680023-458B-4CF6-A8AF-385247D0508C}.Release|x86.ActiveCfg = Release|Win32
		{FF680023-458B-4CF6-A8AF-385247D0508C}.Release|x86.Build.0 = Release|Win32
		{12D6838C-B0B3-4E31-A8BD-DABD055B9814}.Debug|x64.ActiveCfg = Debug|x64
		{12D6838C-B0B3-4E31-A8BD-DABD055B9814}.Debug|x64.Build.0 = Debug|x64
		{12D6838C-B0B3-4E31-A8BD-DABD055B9814}.Debug|x86.ActiveCfg = Debug|Win32
		{12D6838C-B0B3-4E31-A8BD-DABD055B9814}.Debug|x86.Build.0 = Debug|Win32
		{12D6838C-B0B3-4E31-A8BD-DABD055B9814}.Release|x64.ActiveCfg = Release|x64
		{12D6838C-B0B3-4E31-A8BD-DABD055B9814}.Release|x64.Build.0 = Release|x64
		{12D6838C-B0B3-4E31-A8BD-DABD055B9814}.Release|x86.ActiveCfg = Release|Win32
		{12D6838C-B0B3-4E31-A8BD-DABD055B9814}.Release|x86.Build.0 = Release|Win32
		{657B9F9E-3C22-4ECA-95D3-03CCFBBB6975}.Debug|x64.ActiveCfg = Debug|x64
		{657B9F9E-3C22-4ECA-95D3-03CCFBBB6975}.Debug|x64.Build.0 = Debug|x64
		{657B9F9E-3C22-4ECA-95D3-03CCFBBB6975}.Debug|x86.ActiveCfg = Debug|Win32
		{657B9F9E-3C22-4ECA-95D3-03CCFBBB6975}.Debug|x86.Build.0 = Debug|Win32
		{657B9F9E-3C22-4ECA-95D3-03CCFBBB6975}.Release|x64.ActiveCfg = Release|x64
		{657B9F9E-3C22-4ECA-95D3-03CCFBBB6975}.Release|x64.Build.0 = Release|x64
		{657B9F9E-3C22-4ECA-95D3-03CCFBBB6975}.Release|x86.ActiveCfg = Release|Win32
		{657B9F9E-3C22-4ECA-95D3-03CCFBBB6975}.Release|x86.Build.0 = Release|Win32
		{5E17314B-2FD3-456E-AA24-F7C6FE11BA29}.Debug|x64.ActiveCfg = Debug|x64
		{5E17314B-2FD3-456E-AA24-F7C6FE11BA29}.Debug|x64.Build.0 = Debug|x64
		{5E17314B-2FD3-456E-AA24-F7C6FE11BA29}.Debug|x86.ActiveCfg = Debug|Win32
		{5E17314B-2FD3-456E-AA24-F7C6FE11BA29}.Debug|x86.Build.0 = Debug|Win32
		{5E17314B-2FD3-456E-AA24-F7C6FE11BA29}.Release|x64.ActiveCfg = Release|x64
		{5E17314B-2FD3-456E-AA24-F7C6FE11BA29}.Release|x64.Build.0 = Release|x64
		{5E17314B-2FD3-456E-AA24-F7C6FE11BA29}.Release|x86.ActiveCfg = Release|Win32
		{5E17314B-2FD3-456E-AA24-F7C6FE11BA29}.Release|x86.Build.0 = Release|Win32
		{A9851B11-D1F3-496D-B867-96DA72EF81B4}.Debug|x64.ActiveCfg = Debug|x64
		{A9851B11-D1F3-496D-B867-96DA72EF81B4}.Debug|x64.Build.0 = Debug|x64
		{A9851B11-D1F3-496D-B867-96DA72EF81B4}.Debug|x86.ActiveCfg = Debug|Win32
		{A9851B11-D1F3-496D-B867-96DA72EF81B4}.Debug|x86.Build.0 = Debug|Win32
		{A9851B11-D1F3-496D-B867-96DA72EF81B4}.Release|x64.ActiveCfg = Release|x64
		{A9851B11-D1F3-496D-B867-96DA72EF81B4}.Release|x64.Build.0 = Release|x64
		{A9851B11-D1F3-496D-B867-96DA72EF81B4}.Release|x86.ActiveCfg = Release|Win32
		{A9851B11-D1F3-496D-B867-96DA72EF81B4}.Release|x86.Build.0 = Release|Win32
		{83BAD591-DD60-47F9-92DC-2ACEDDA5E39A}.Debug|x64.ActiveCfg = Debug|x64
		{83BAD591-DD60-47F9-92DC-2ACEDDA5E39A}.Debug|x64.Build.0 = Debug|x64
		{83BAD591-DD60-47F9-92DC-2ACEDDA5E39A}.Debug|x86.ActiveCfg = Debug|Win32
		{83BAD591-DD60-47F9-92DC-2ACEDDA5E39A}.Debug|x86.Build.0 = Debug|Win32
		{83BAD591-DD60-47F9-92DC-2ACEDDA5E39A}.Release|x64.ActiveCfg = Release|x64
		{83BAD591-DD60-47F9-92DC-2ACEDDA5E39A}.Release|x64.Build.0 = Release|x64
		{83BAD591-DD60-47F9-92DC-2ACEDDA5E39A}.Release|x86.ActiveCfg = Release|Win32
		{83BAD591-DD60-47F9-92DC-2ACEDDA5E39A}.Release|x86.Build.0 = Release|Win32
	EndGlobalSection
	GlobalSection(SolutionProperties) = preSolution
		HideSolutionNode = FALSE
	EndGlobalSection
	GlobalSection(ExtensibilityGlobals) = postSolution
		SolutionGuid = {F3147A36-5544-4E25-9062-A662C9BA16A2}
	EndGlobalSection
EndGlobal
